
Microsoft Visual Studio Solution File, Format Version 12.00
# Visual Studio Version 17
VisualStudioVersion = 17.13.35806.99 d17.13
MinimumVisualStudioVersion = 10.0.40219.1
Project("{FAE04EC0-301F-11D3-BF4B-00C04F79EFBC}") = "ngay14-5", "ngay14-5\ngay14-5.csproj", "{DCC88785-6C24-4D1B-ABB9-5268B71F7F85}"
EndProject
Global
	GlobalSection(SolutionConfigurationPlatforms) = preSolution
		Debug|Any CPU = Debug|Any CPU
		Release|Any CPU = Release|Any CPU
	EndGlobalSection
	GlobalSection(ProjectConfigurationPlatforms) = postSolution
		{DCC88785-6C24-4D1B-ABB9-5268B71F7F85}.Debug|Any CPU.ActiveCfg = Debug|Any CPU
		{DCC88785-6C24-4D1B-ABB9-5268B71F7F85}.Debug|Any CPU.Build.0 = Debug|Any CPU
		{DCC88785-6C24-4D1B-ABB9-5268B71F7F85}.Release|Any CPU.ActiveCfg = Release|Any CPU
		{DCC88785-6C24-4D1B-ABB9-5268B71F7F85}.Release|Any CPU.Build.0 = Release|Any CPU
	EndGlobalSection
	GlobalSection(SolutionProperties) = preSolution
		HideSolutionNode = FALSE
	EndGlobalSection
	GlobalSection(ExtensibilityGlobals) = postSolution
		SolutionGuid = {B71F64C6-9B52-413C-974E-D7611E432814}
	EndGlobalSection
EndGlobal
