
Microsoft Visual Studio Solution File, Format Version 12.00
# Visual Studio Version 17
VisualStudioVersion = 17.13.35806.99 d17.13
MinimumVisualStudioVersion = 10.0.40219.1
Project("{FAE04EC0-301F-11D3-BF4B-00C04F79EFBC}") = "ngay23-5", "ngay23-5\ngay23-5.csproj", "{BF445C6A-7907-4659-A702-3B9AB8EB3829}"
EndProject
Global
	GlobalSection(SolutionConfigurationPlatforms) = preSolution
		Debug|Any CPU = Debug|Any CPU
		Release|Any CPU = Release|Any CPU
	EndGlobalSection
	GlobalSection(ProjectConfigurationPlatforms) = postSolution
		{BF445C6A-7907-4659-A702-3B9AB8EB3829}.Debug|Any CPU.ActiveCfg = Debug|Any CPU
		{BF445C6A-7907-4659-A702-3B9AB8EB3829}.Debug|Any CPU.Build.0 = Debug|Any CPU
		{BF445C6A-7907-4659-A702-3B9AB8EB3829}.Release|Any CPU.ActiveCfg = Release|Any CPU
		{BF445C6A-7907-4659-A702-3B9AB8EB3829}.Release|Any CPU.Build.0 = Release|Any CPU
	EndGlobalSection
	GlobalSection(SolutionProperties) = preSolution
		HideSolutionNode = FALSE
	EndGlobalSection
	GlobalSection(ExtensibilityGlobals) = postSolution
		SolutionGuid = {228BD641-DDB6-4792-B318-E8751164A5B2}
	EndGlobalSection
EndGlobal
